
Microsoft Visual Studio Solution File, Format Version 12.00
# Visual Studio Version 17
VisualStudioVersion = 17.5.002.0
MinimumVisualStudioVersion = 10.0.40219.1
Project("{9A19103F-16F7-4668-BE54-9A1E7A4F7556}") = "LinqChallenges", "LinqChallenges\LinqChallenges.csproj", "{91CD0791-708A-4463-AF12-261E7AFB024C}"
EndProject
Global
	GlobalSection(SolutionConfigurationPlatforms) = preSolution
		Debug|Any CPU = Debug|Any CPU
		Release|Any CPU = Release|Any CPU
	EndGlobalSection
	GlobalSection(ProjectConfigurationPlatforms) = postSolution
		{91CD0791-708A-4463-AF12-261E7AFB024C}.Debug|Any CPU.ActiveCfg = Debug|Any CPU
		{91CD0791-708A-4463-AF12-261E7AFB024C}.Debug|Any CPU.Build.0 = Debug|Any CPU
		{91CD0791-708A-4463-AF12-261E7AFB024C}.Release|Any CPU.ActiveCfg = Release|Any CPU
		{91CD0791-708A-4463-AF12-261E7AFB024C}.Release|Any CPU.Build.0 = Release|Any CPU
	EndGlobalSection
	GlobalSection(SolutionProperties) = preSolution
		HideSolutionNode = FALSE
	EndGlobalSection
	GlobalSection(ExtensibilityGlobals) = postSolution
		SolutionGuid = {6C049E01-A751-4685-965F-A35227758434}
	EndGlobalSection
EndGlobal
